
Microsoft Visual Studio Solution File, Format Version 12.00
# Visual Studio 15
VisualStudioVersion = 15.0.27703.2026
MinimumVisualStudioVersion = 10.0.40219.1
Project("{FAE04EC0-301F-11D3-BF4B-00C04F79EFBC}") = "WebApplication1", "WebApplication1\WebApplication1.csproj", "{544D2B69-7F91-43F7-87D1-173A134EA7E5}"
EndProject
Global
	GlobalSection(SolutionConfigurationPlatforms) = preSolution
		Debug|Any CPU = Debug|Any CPU
		Release|Any CPU = Release|Any CPU
	EndGlobalSection
	GlobalSection(ProjectConfigurationPlatforms) = postSolution
		{544D2B69-7F91-43F7-87D1-173A134EA7E5}.Debug|Any CPU.ActiveCfg = Debug|Any CPU
		{544D2B69-7F91-43F7-87D1-173A134EA7E5}.Debug|Any CPU.Build.0 = Debug|Any CPU
		{544D2B69-7F91-43F7-87D1-173A134EA7E5}.Release|Any CPU.ActiveCfg = Release|Any CPU
		{544D2B69-7F91-43F7-87D1-173A134EA7E5}.Release|Any CPU.Build.0 = Release|Any CPU
	EndGlobalSection
	GlobalSection(SolutionProperties) = preSolution
		HideSolutionNode = FALSE
	EndGlobalSection
	GlobalSection(ExtensibilityGlobals) = postSolution
		SolutionGuid = {DD654F33-A50A-43E7-9733-F6954FCA11BD}
	EndGlobalSection
EndGlobal
